
Microsoft Visual Studio Solution File, Format Version 12.00
# Visual Studio 2013
Project("{FAE04EC0-301F-11D3-BF4B-00C04F79EFBC}") = "UnityVS.RockPlacementPrototype.CSharp", "UnityVS.RockPlacementPrototype.CSharp.csproj", "{F3714B0B-F159-7105-6B37-80C6BC9D3239}"
EndProject
Global
	GlobalSection(SolutionConfigurationPlatforms) = preSolution
		Debug|Any CPU = Debug|Any CPU
		Release|Any CPU = Release|Any CPU
	EndGlobalSection
	GlobalSection(ProjectConfigurationPlatforms) = postSolution
		{F3714B0B-F159-7105-6B37-80C6BC9D3239}.Debug|Any CPU.ActiveCfg = Debug|Any CPU
		{F3714B0B-F159-7105-6B37-80C6BC9D3239}.Debug|Any CPU.Build.0 = Debug|Any CPU
		{F3714B0B-F159-7105-6B37-80C6BC9D3239}.Release|Any CPU.ActiveCfg = Release|Any CPU
		{F3714B0B-F159-7105-6B37-80C6BC9D3239}.Release|Any CPU.Build.0 = Release|Any CPU
	EndGlobalSection
	GlobalSection(SolutionProperties) = preSolution
		HideSolutionNode = FALSE
	EndGlobalSection
EndGlobal
